{
  "object": {
    "pins": [
      {
        "package": "Alamofire",
        "repositoryURL": "https://github.com/Alamofire/Alamofire.git",
        "state": {
          "branch": null,
          "revision": "747c8db8d57b68d5e35275f10c92d55f982adbd4",
          "version": "4.9.1"
        }
      },
      {
        "package": "KeyboardManager",
        "repositoryURL": "https://github.com/alphatroya/KeyboardManager",
        "state": {
          "branch": null,
          "revision": "110b1abb66a5ce4c4b6fc8c8c9ab65c8d9db70d2",
          "version": "1.6.1"
        }
      }
    ]
  },
  "version": 1
}
